
Microsoft Visual Studio Solution File, Format Version 12.00
# Visual Studio 14
VisualStudioVersion = 14.0.25420.1
MinimumVisualStudioVersion = 10.0.40219.1
Project("{2150E333-8FDC-42A3-9474-1A3956D46DE8}") = "src", "src", "{64692140-344C-47EB-9348-9B226549299D}"
EndProject
Project("{2150E333-8FDC-42A3-9474-1A3956D46DE8}") = "Solution Items", "Solution Items", "{9E964BD7-F9CA-4FE5-9CF9-DDCB665F9CDC}"
	ProjectSection(SolutionItems) = preProject
		global.json = global.json
	EndProjectSection
EndProject
Project("{8BB2217D-0F2D-49D1-97BC-3654ED321F3B}") = "SampleApp", "src\SampleApp\SampleApp.xproj", "{1CA71AA2-14E2-4393-A51A-DF6E6741990F}"
EndProject
Global
	GlobalSection(SolutionConfigurationPlatforms) = preSolution
		Debug|Any CPU = Debug|Any CPU
		Release|Any CPU = Release|Any CPU
	EndGlobalSection
	GlobalSection(ProjectConfigurationPlatforms) = postSolution
		{1CA71AA2-14E2-4393-A51A-DF6E6741990F}.Debug|Any CPU.ActiveCfg = Debug|Any CPU
		{1CA71AA2-14E2-4393-A51A-DF6E6741990F}.Debug|Any CPU.Build.0 = Debug|Any CPU
		{1CA71AA2-14E2-4393-A51A-DF6E6741990F}.Release|Any CPU.ActiveCfg = Release|Any CPU
		{1CA71AA2-14E2-4393-A51A-DF6E6741990F}.Release|Any CPU.Build.0 = Release|Any CPU
	EndGlobalSection
	GlobalSection(SolutionProperties) = preSolution
		HideSolutionNode = FALSE
	EndGlobalSection
	GlobalSection(NestedProjects) = preSolution
		{1CA71AA2-14E2-4393-A51A-DF6E6741990F} = {64692140-344C-47EB-9348-9B226549299D}
	EndGlobalSection
EndGlobal
